{
  "name": "dd105",
  "version": "1.0.0",
  "lockfileVersion": 1,
  "requires": true,
  "dependencies": {
    "bootstrap-sass": {
      "version": "3.4.1",
      "resolved": "https://registry.npmjs.org/bootstrap-sass/-/bootstrap-sass-3.4.1.tgz",
      "integrity": "sha512-p5rxsK/IyEDQm2CwiHxxUi0MZZtvVFbhWmyMOt4lLkA4bujDA1TGoKT0i1FKIWiugAdP+kK8T5KMDFIKQCLYIA=="
    },
    "gsap": {
      "version": "3.1.1",
      "resolved": "https://registry.npmjs.org/gsap/-/gsap-3.1.1.tgz",
      "integrity": "sha512-ISkCKuXMtBbmbchJxWXuZydXnnWVV9SqNqd8vAevvtq0yzyBapMbXLxwambK73S/2kpTIVzYW8eJXlDD7yHhvw=="
    },
    "jquery": {
      "version": "3.1.0",
      "resolved": "https://registry.npmjs.org/jquery/-/jquery-3.1.0.tgz",
      "integrity": "sha1-Ep9vGulLGPCQELAI0NYBHkBhPX8="
    }
  }
}
